
Microsoft Visual Studio Solution File, Format Version 12.00
# Visual Studio 15
VisualStudioVersion = 15.0.27703.2035
MinimumVisualStudioVersion = 10.0.40219.1
Project("{2150E333-8FDC-42A3-9474-1A3956D46DE8}") = "src", "src", "{D46394AE-817B-4E03-B122-E214499B4150}"
EndProject
Project("{2150E333-8FDC-42A3-9474-1A3956D46DE8}") = "tests", "tests", "{4F933C06-9540-4B4C-918B-AAC633F86038}"
EndProject
Project("{9A19103F-16F7-4668-BE54-9A1E7A4F7556}") = "Restaurant.Api", "src\server\Restaurant.Api\Restaurant.Api.csproj", "{AAF3A9C8-75CD-46EB-9BF5-5324C2C20010}"
EndProject
Project("{9A19103F-16F7-4668-BE54-9A1E7A4F7556}") = "Restaurant.Business", "src\server\Restaurant.Business\Restaurant.Business.csproj", "{8A14F2E8-C8D2-4688-B420-CB9B52243038}"
EndProject
Project("{9A19103F-16F7-4668-BE54-9A1E7A4F7556}") = "Restaurant.Business.Tests", "tests\Restaurant.Business.Tests\Restaurant.Business.Tests.csproj", "{C784B00E-C3CF-4B62-8CEB-8D72A4EC4423}"
EndProject
Project("{9A19103F-16F7-4668-BE54-9A1E7A4F7556}") = "Restaurant.Core", "src\server\Restaurant.Core\Restaurant.Core.csproj", "{C177EBE7-EE50-4DC5-A0AF-DACFAE35F308}"
EndProject
Project("{9A19103F-16F7-4668-BE54-9A1E7A4F7556}") = "Restaurant.Domain", "src\server\Restaurant.Domain\Restaurant.Domain.csproj", "{81FC5A2D-220F-4B5F-A5A5-1FAD76C0FACE}"
EndProject
Project("{9A19103F-16F7-4668-BE54-9A1E7A4F7556}") = "Restaurant.Persistence", "src\server\Restaurant.Persistence\Restaurant.Persistence.csproj", "{B12AF1F9-531F-43A0-AE45-A995BE51A1F9}"
EndProject
Project("{E53339B2-1760-4266-BCC7-CA923CBCF16C}") = "docker-compose", "docker-compose.dcproj", "{9A742F34-D507-4E95-87D4-10F76E8075E8}"
EndProject
Global
	GlobalSection(SolutionConfigurationPlatforms) = preSolution
		Debug|Any CPU = Debug|Any CPU
		Release|Any CPU = Release|Any CPU
	EndGlobalSection
	GlobalSection(ProjectConfigurationPlatforms) = postSolution
		{AAF3A9C8-75CD-46EB-9BF5-5324C2C20010}.Debug|Any CPU.ActiveCfg = Debug|Any CPU
		{AAF3A9C8-75CD-46EB-9BF5-5324C2C20010}.Debug|Any CPU.Build.0 = Debug|Any CPU
		{AAF3A9C8-75CD-46EB-9BF5-5324C2C20010}.Release|Any CPU.ActiveCfg = Release|Any CPU
		{AAF3A9C8-75CD-46EB-9BF5-5324C2C20010}.Release|Any CPU.Build.0 = Release|Any CPU
		{8A14F2E8-C8D2-4688-B420-CB9B52243038}.Debug|Any CPU.ActiveCfg = Debug|Any CPU
		{8A14F2E8-C8D2-4688-B420-CB9B52243038}.Debug|Any CPU.Build.0 = Debug|Any CPU
		{8A14F2E8-C8D2-4688-B420-CB9B52243038}.Release|Any CPU.ActiveCfg = Release|Any CPU
		{8A14F2E8-C8D2-4688-B420-CB9B52243038}.Release|Any CPU.Build.0 = Release|Any CPU
		{C784B00E-C3CF-4B62-8CEB-8D72A4EC4423}.Debug|Any CPU.ActiveCfg = Debug|Any CPU
		{C784B00E-C3CF-4B62-8CEB-8D72A4EC4423}.Debug|Any CPU.Build.0 = Debug|Any CPU
		{C784B00E-C3CF-4B62-8CEB-8D72A4EC4423}.Release|Any CPU.ActiveCfg = Release|Any CPU
		{C784B00E-C3CF-4B62-8CEB-8D72A4EC4423}.Release|Any CPU.Build.0 = Release|Any CPU
		{C177EBE7-EE50-4DC5-A0AF-DACFAE35F308}.Debug|Any CPU.ActiveCfg = Debug|Any CPU
		{C177EBE7-EE50-4DC5-A0AF-DACFAE35F308}.Debug|Any CPU.Build.0 = Debug|Any CPU
		{C177EBE7-EE50-4DC5-A0AF-DACFAE35F308}.Release|Any CPU.ActiveCfg = Release|Any CPU
		{C177EBE7-EE50-4DC5-A0AF-DACFAE35F308}.Release|Any CPU.Build.0 = Release|Any CPU
		{81FC5A2D-220F-4B5F-A5A5-1FAD76C0FACE}.Debug|Any CPU.ActiveCfg = Debug|Any CPU
		{81FC5A2D-220F-4B5F-A5A5-1FAD76C0FACE}.Debug|Any CPU.Build.0 = Debug|Any CPU
		{81FC5A2D-220F-4B5F-A5A5-1FAD76C0FACE}.Release|Any CPU.ActiveCfg = Release|Any CPU
		{81FC5A2D-220F-4B5F-A5A5-1FAD76C0FACE}.Release|Any CPU.Build.0 = Release|Any CPU
		{B12AF1F9-531F-43A0-AE45-A995BE51A1F9}.Debug|Any CPU.ActiveCfg = Debug|Any CPU
		{B12AF1F9-531F-43A0-AE45-A995BE51A1F9}.Debug|Any CPU.Build.0 = Debug|Any CPU
		{B12AF1F9-531F-43A0-AE45-A995BE51A1F9}.Release|Any CPU.ActiveCfg = Release|Any CPU
		{B12AF1F9-531F-43A0-AE45-A995BE51A1F9}.Release|Any CPU.Build.0 = Release|Any CPU
		{9A742F34-D507-4E95-87D4-10F76E8075E8}.Debug|Any CPU.ActiveCfg = Debug|Any CPU
		{9A742F34-D507-4E95-87D4-10F76E8075E8}.Debug|Any CPU.Build.0 = Debug|Any CPU
		{9A742F34-D507-4E95-87D4-10F76E8075E8}.Release|Any CPU.ActiveCfg = Release|Any CPU
		{9A742F34-D507-4E95-87D4-10F76E8075E8}.Release|Any CPU.Build.0 = Release|Any CPU
	EndGlobalSection
	GlobalSection(SolutionProperties) = preSolution
		HideSolutionNode = FALSE
	EndGlobalSection
	GlobalSection(NestedProjects) = preSolution
		{AAF3A9C8-75CD-46EB-9BF5-5324C2C20010} = {D46394AE-817B-4E03-B122-E214499B4150}
		{8A14F2E8-C8D2-4688-B420-CB9B52243038} = {D46394AE-817B-4E03-B122-E214499B4150}
		{C784B00E-C3CF-4B62-8CEB-8D72A4EC4423} = {4F933C06-9540-4B4C-918B-AAC633F86038}
		{C177EBE7-EE50-4DC5-A0AF-DACFAE35F308} = {D46394AE-817B-4E03-B122-E214499B4150}
		{81FC5A2D-220F-4B5F-A5A5-1FAD76C0FACE} = {D46394AE-817B-4E03-B122-E214499B4150}
		{B12AF1F9-531F-43A0-AE45-A995BE51A1F9} = {D46394AE-817B-4E03-B122-E214499B4150}
	EndGlobalSection
	GlobalSection(ExtensibilityGlobals) = postSolution
		SolutionGuid = {5AE75C74-C335-4234-9DB0-F71600BF091F}
	EndGlobalSection
EndGlobal
